
Microsoft Visual Studio Solution File, Format Version 12.00
# Visual Studio 2013
VisualStudioVersion = 12.0.21005.1
MinimumVisualStudioVersion = 10.0.40219.1
Project("{FAE04EC0-301F-11D3-BF4B-00C04F79EFBC}") = "07YSS.OMS.Web", "YSS.OMS.Web\07YSS.OMS.Web.csproj", "{8A0D967D-202E-4233-84FC-0E7293B52D21}"
EndProject
Project("{2150E333-8FDC-42A3-9474-1A3956D46DE8}") = ".nuget", ".nuget", "{E5B59673-FC17-45A3-920F-646C106A8B04}"
	ProjectSection(SolutionItems) = preProject
		.nuget\NuGet.Config = .nuget\NuGet.Config
		.nuget\NuGet.exe = .nuget\NuGet.exe
		.nuget\NuGet.targets = .nuget\NuGet.targets
	EndProjectSection
EndProject
Project("{FAE04EC0-301F-11D3-BF4B-00C04F79EFBC}") = "02YSS.OMS.Entity", "YSS.OMS.Entity\02YSS.OMS.Entity.csproj", "{CA04DD0F-03BF-4FAA-A294-6D00BBAEC5D0}"
EndProject
Project("{FAE04EC0-301F-11D3-BF4B-00C04F79EFBC}") = "01YSS.OMS.Common", "YSS.OMS.Common\01YSS.OMS.Common.csproj", "{63C45DC4-1C3E-4C78-9FCB-F166E11D7AC1}"
EndProject
Project("{FAE04EC0-301F-11D3-BF4B-00C04F79EFBC}") = "03YSS.OMS.IDAL", "YSS.OMS.IDAL\03YSS.OMS.IDAL.csproj", "{18341266-FA29-46D3-976E-C847E00E2180}"
EndProject
Project("{FAE04EC0-301F-11D3-BF4B-00C04F79EFBC}") = "04YSS.OMS.DAL", "YSS.OMS.DAL\04YSS.OMS.DAL.csproj", "{48BDA6E4-063D-46E8-914C-1E72D22FC53F}"
EndProject
Project("{FAE04EC0-301F-11D3-BF4B-00C04F79EFBC}") = "06YSS.OMS.BLL", "YSS.OMS.BLL\06YSS.OMS.BLL.csproj", "{3F47B672-1C50-42C6-A461-3D1D6100FBD7}"
EndProject
Project("{FAE04EC0-301F-11D3-BF4B-00C04F79EFBC}") = "05YSS.OMS.Model", "YSS.OMS.Model\05YSS.OMS.Model.csproj", "{07F4E59E-2230-4F94-82E2-ECAB73E83304}"
EndProject
Global
	GlobalSection(SolutionConfigurationPlatforms) = preSolution
		Debug|Any CPU = Debug|Any CPU
		Release|Any CPU = Release|Any CPU
	EndGlobalSection
	GlobalSection(ProjectConfigurationPlatforms) = postSolution
		{8A0D967D-202E-4233-84FC-0E7293B52D21}.Debug|Any CPU.ActiveCfg = Debug|Any CPU
		{8A0D967D-202E-4233-84FC-0E7293B52D21}.Debug|Any CPU.Build.0 = Debug|Any CPU
		{8A0D967D-202E-4233-84FC-0E7293B52D21}.Release|Any CPU.ActiveCfg = Release|Any CPU
		{8A0D967D-202E-4233-84FC-0E7293B52D21}.Release|Any CPU.Build.0 = Release|Any CPU
		{CA04DD0F-03BF-4FAA-A294-6D00BBAEC5D0}.Debug|Any CPU.ActiveCfg = Debug|Any CPU
		{CA04DD0F-03BF-4FAA-A294-6D00BBAEC5D0}.Debug|Any CPU.Build.0 = Debug|Any CPU
		{CA04DD0F-03BF-4FAA-A294-6D00BBAEC5D0}.Release|Any CPU.ActiveCfg = Release|Any CPU
		{CA04DD0F-03BF-4FAA-A294-6D00BBAEC5D0}.Release|Any CPU.Build.0 = Release|Any CPU
		{63C45DC4-1C3E-4C78-9FCB-F166E11D7AC1}.Debug|Any CPU.ActiveCfg = Debug|Any CPU
		{63C45DC4-1C3E-4C78-9FCB-F166E11D7AC1}.Debug|Any CPU.Build.0 = Debug|Any CPU
		{63C45DC4-1C3E-4C78-9FCB-F166E11D7AC1}.Release|Any CPU.ActiveCfg = Release|Any CPU
		{63C45DC4-1C3E-4C78-9FCB-F166E11D7AC1}.Release|Any CPU.Build.0 = Release|Any CPU
		{18341266-FA29-46D3-976E-C847E00E2180}.Debug|Any CPU.ActiveCfg = Debug|Any CPU
		{18341266-FA29-46D3-976E-C847E00E2180}.Debug|Any CPU.Build.0 = Debug|Any CPU
		{18341266-FA29-46D3-976E-C847E00E2180}.Release|Any CPU.ActiveCfg = Release|Any CPU
		{18341266-FA29-46D3-976E-C847E00E2180}.Release|Any CPU.Build.0 = Release|Any CPU
		{48BDA6E4-063D-46E8-914C-1E72D22FC53F}.Debug|Any CPU.ActiveCfg = Debug|Any CPU
		{48BDA6E4-063D-46E8-914C-1E72D22FC53F}.Debug|Any CPU.Build.0 = Debug|Any CPU
		{48BDA6E4-063D-46E8-914C-1E72D22FC53F}.Release|Any CPU.ActiveCfg = Release|Any CPU
		{48BDA6E4-063D-46E8-914C-1E72D22FC53F}.Release|Any CPU.Build.0 = Release|Any CPU
		{3F47B672-1C50-42C6-A461-3D1D6100FBD7}.Debug|Any CPU.ActiveCfg = Debug|Any CPU
		{3F47B672-1C50-42C6-A461-3D1D6100FBD7}.Debug|Any CPU.Build.0 = Debug|Any CPU
		{3F47B672-1C50-42C6-A461-3D1D6100FBD7}.Release|Any CPU.ActiveCfg = Release|Any CPU
		{3F47B672-1C50-42C6-A461-3D1D6100FBD7}.Release|Any CPU.Build.0 = Release|Any CPU
		{07F4E59E-2230-4F94-82E2-ECAB73E83304}.Debug|Any CPU.ActiveCfg = Debug|Any CPU
		{07F4E59E-2230-4F94-82E2-ECAB73E83304}.Debug|Any CPU.Build.0 = Debug|Any CPU
		{07F4E59E-2230-4F94-82E2-ECAB73E83304}.Release|Any CPU.ActiveCfg = Release|Any CPU
		{07F4E59E-2230-4F94-82E2-ECAB73E83304}.Release|Any CPU.Build.0 = Release|Any CPU
	EndGlobalSection
	GlobalSection(SolutionProperties) = preSolution
		HideSolutionNode = FALSE
	EndGlobalSection
EndGlobal
